
Microsoft Visual Studio Solution File, Format Version 12.00
# Visual Studio Version 16
VisualStudioVersion = 16.0.31624.102
MinimumVisualStudioVersion = 10.0.40219.1
Project("{8BC9CEB8-8B4A-11D0-8D11-00A0C91BC942}") = "8", "8\8.vcxproj", "{9F8E823F-1960-4797-917E-B8B431518978}"
EndProject
Project("{8BC9CEB8-8B4A-11D0-8D11-00A0C91BC942}") = "test", "test\test.vcxproj", "{332C4EEE-BAE5-4C91-B635-28D9BCA97E4F}"
EndProject
Project("{8BC9CEB8-8B4A-11D0-8D11-00A0C91BC942}") = "Kas", "Kas\Kas.vcxproj", "{63B732A3-C13F-4D39-846C-4039E5921BB3}"
EndProject
Project("{8BC9CEB8-8B4A-11D0-8D11-00A0C91BC942}") = "hh", "hh\hh.vcxproj", "{20232893-CE29-41B0-9811-E667FDFC8EFF}"
EndProject
Project("{8BC9CEB8-8B4A-11D0-8D11-00A0C91BC942}") = "2", "2\2.vcxproj", "{7A15817B-A9E0-4208-BEDC-E9AF2E0FE376}"
EndProject
Project("{8BC9CEB8-8B4A-11D0-8D11-00A0C91BC942}") = "2,2", "2,2\2,2.vcxproj", "{6BF79771-339C-4894-8A7B-254317AF3739}"
EndProject
Project("{8BC9CEB8-8B4A-11D0-8D11-00A0C91BC942}") = "2.3", "2.3\2.3.vcxproj", "{CC087006-2A02-4458-8FB9-548CE694D6FC}"
EndProject
Project("{8BC9CEB8-8B4A-11D0-8D11-00A0C91BC942}") = "2.4", "2.4\2.4.vcxproj", "{8BBDB5C3-7F72-4360-AA1A-B17A56D9E2DD}"
EndProject
Project("{8BC9CEB8-8B4A-11D0-8D11-00A0C91BC942}") = "3.1", "3.1\3.1.vcxproj", "{A2599DF8-1ED9-4F10-8EDF-420ABC8023A4}"
EndProject
Project("{8BC9CEB8-8B4A-11D0-8D11-00A0C91BC942}") = "3.2", "3.2\3.2.vcxproj", "{86E4C5D7-2166-41AF-8033-F4090C566A1B}"
EndProject
Project("{8BC9CEB8-8B4A-11D0-8D11-00A0C91BC942}") = "3.3", "3.3\3.3.vcxproj", "{183607EA-321C-4BED-A1A1-71179AA63941}"
EndProject
Project("{8BC9CEB8-8B4A-11D0-8D11-00A0C91BC942}") = "3.4", "3.4\3.4.vcxproj", "{71D3770B-6F17-4B11-A222-9F750C4DC1E1}"
EndProject
Project("{8BC9CEB8-8B4A-11D0-8D11-00A0C91BC942}") = "4.1", "4.1\4.1.vcxproj", "{CB87D772-AC7C-476C-BA87-4610F59579A1}"
EndProject
Project("{8BC9CEB8-8B4A-11D0-8D11-00A0C91BC942}") = "4.2", "4.2\4.2.vcxproj", "{635D0B4F-AFCF-4C39-8C8A-76F0BB9AECFC}"
EndProject
Project("{8BC9CEB8-8B4A-11D0-8D11-00A0C91BC942}") = "4.3", "4\4.vcxproj", "{309959C2-C38A-4CF2-966A-7D86BB0DABA3}"
EndProject
Project("{8BC9CEB8-8B4A-11D0-8D11-00A0C91BC942}") = "4.4", "4.4\4.4.vcxproj", "{75B59570-7F88-475A-BEF5-C22B0F389C8A}"
EndProject
Global
	GlobalSection(SolutionConfigurationPlatforms) = preSolution
		Debug|x64 = Debug|x64
		Debug|x86 = Debug|x86
		Release|x64 = Release|x64
		Release|x86 = Release|x86
	EndGlobalSection
	GlobalSection(ProjectConfigurationPlatforms) = postSolution
		{9F8E823F-1960-4797-917E-B8B431518978}.Debug|x64.ActiveCfg = Debug|x64
		{9F8E823F-1960-4797-917E-B8B431518978}.Debug|x64.Build.0 = Debug|x64
		{9F8E823F-1960-4797-917E-B8B431518978}.Debug|x86.ActiveCfg = Debug|Win32
		{9F8E823F-1960-4797-917E-B8B431518978}.Debug|x86.Build.0 = Debug|Win32
		{9F8E823F-1960-4797-917E-B8B431518978}.Release|x64.ActiveCfg = Release|x64
		{9F8E823F-1960-4797-917E-B8B431518978}.Release|x64.Build.0 = Release|x64
		{9F8E823F-1960-4797-917E-B8B431518978}.Release|x86.ActiveCfg = Release|Win32
		{9F8E823F-1960-4797-917E-B8B431518978}.Release|x86.Build.0 = Release|Win32
		{332C4EEE-BAE5-4C91-B635-28D9BCA97E4F}.Debug|x64.ActiveCfg = Debug|x64
		{332C4EEE-BAE5-4C91-B635-28D9BCA97E4F}.Debug|x64.Build.0 = Debug|x64
		{332C4EEE-BAE5-4C91-B635-28D9BCA97E4F}.Debug|x86.ActiveCfg = Debug|Win32
		{332C4EEE-BAE5-4C91-B635-28D9BCA97E4F}.Debug|x86.Build.0 = Debug|Win32
		{332C4EEE-BAE5-4C91-B635-28D9BCA97E4F}.Release|x64.ActiveCfg = Release|x64
		{332C4EEE-BAE5-4C91-B635-28D9BCA97E4F}.Release|x64.Build.0 = Release|x64
		{332C4EEE-BAE5-4C91-B635-28D9BCA97E4F}.Release|x86.ActiveCfg = Release|Win32
		{332C4EEE-BAE5-4C91-B635-28D9BCA97E4F}.Release|x86.Build.0 = Release|Win32
		{63B732A3-C13F-4D39-846C-4039E5921BB3}.Debug|x64.ActiveCfg = Debug|x64
		{63B732A3-C13F-4D39-846C-4039E5921BB3}.Debug|x64.Build.0 = Debug|x64
		{63B732A3-C13F-4D39-846C-4039E5921BB3}.Debug|x86.ActiveCfg = Debug|Win32
		{63B732A3-C13F-4D39-846C-4039E5921BB3}.Debug|x86.Build.0 = Debug|Win32
		{63B732A3-C13F-4D39-846C-4039E5921BB3}.Release|x64.ActiveCfg = Release|x64
		{63B732A3-C13F-4D39-846C-4039E5921BB3}.Release|x64.Build.0 = Release|x64
		{63B732A3-C13F-4D39-846C-4039E5921BB3}.Release|x86.ActiveCfg = Release|Win32
		{63B732A3-C13F-4D39-846C-4039E5921BB3}.Release|x86.Build.0 = Release|Win32
		{20232893-CE29-41B0-9811-E667FDFC8EFF}.Debug|x64.ActiveCfg = Debug|x64
		{20232893-CE29-41B0-9811-E667FDFC8EFF}.Debug|x64.Build.0 = Debug|x64
		{20232893-CE29-41B0-9811-E667FDFC8EFF}.Debug|x86.ActiveCfg = Debug|Win32
		{20232893-CE29-41B0-9811-E667FDFC8EFF}.Debug|x86.Build.0 = Debug|Win32
		{20232893-CE29-41B0-9811-E667FDFC8EFF}.Release|x64.ActiveCfg = Release|x64
		{20232893-CE29-41B0-9811-E667FDFC8EFF}.Release|x64.Build.0 = Release|x64
		{20232893-CE29-41B0-9811-E667FDFC8EFF}.Release|x86.ActiveCfg = Release|Win32
		{20232893-CE29-41B0-9811-E667FDFC8EFF}.Release|x86.Build.0 = Release|Win32
		{7A15817B-A9E0-4208-BEDC-E9AF2E0FE376}.Debug|x64.ActiveCfg = Debug|x64
		{7A15817B-A9E0-4208-BEDC-E9AF2E0FE376}.Debug|x64.Build.0 = Debug|x64
		{7A15817B-A9E0-4208-BEDC-E9AF2E0FE376}.Debug|x86.ActiveCfg = Debug|Win32
		{7A15817B-A9E0-4208-BEDC-E9AF2E0FE376}.Debug|x86.Build.0 = Debug|Win32
		{7A15817B-A9E0-4208-BEDC-E9AF2E0FE376}.Release|x64.ActiveCfg = Release|x64
		{7A15817B-A9E0-4208-BEDC-E9AF2E0FE376}.Release|x64.Build.0 = Release|x64
		{7A15817B-A9E0-4208-BEDC-E9AF2E0FE376}.Release|x86.ActiveCfg = Release|Win32
		{7A15817B-A9E0-4208-BEDC-E9AF2E0FE376}.Release|x86.Build.0 = Release|Win32
		{6BF79771-339C-4894-8A7B-254317AF3739}.Debug|x64.ActiveCfg = Debug|x64
		{6BF79771-339C-4894-8A7B-254317AF3739}.Debug|x64.Build.0 = Debug|x64
		{6BF79771-339C-4894-8A7B-254317AF3739}.Debug|x86.ActiveCfg = Debug|Win32
		{6BF79771-339C-4894-8A7B-254317AF3739}.Debug|x86.Build.0 = Debug|Win32
		{6BF79771-339C-4894-8A7B-254317AF3739}.Release|x64.ActiveCfg = Release|x64
		{6BF79771-339C-4894-8A7B-254317AF3739}.Release|x64.Build.0 = Release|x64
		{6BF79771-339C-4894-8A7B-254317AF3739}.Release|x86.ActiveCfg = Release|Win32
		{6BF79771-339C-4894-8A7B-254317AF3739}.Release|x86.Build.0 = Release|Win32
		{CC087006-2A02-4458-8FB9-548CE694D6FC}.Debug|x64.ActiveCfg = Debug|x64
		{CC087006-2A02-4458-8FB9-548CE694D6FC}.Debug|x64.Build.0 = Debug|x64
		{CC087006-2A02-4458-8FB9-548CE694D6FC}.Debug|x86.ActiveCfg = Debug|Win32
		{CC087006-2A02-4458-8FB9-548CE694D6FC}.Debug|x86.Build.0 = Debug|Win32
		{CC087006-2A02-4458-8FB9-548CE694D6FC}.Release|x64.ActiveCfg = Release|x64
		{CC087006-2A02-4458-8FB9-548CE694D6FC}.Release|x64.Build.0 = Release|x64
		{CC087006-2A02-4458-8FB9-548CE694D6FC}.Release|x86.ActiveCfg = Release|Win32
		{CC087006-2A02-4458-8FB9-548CE694D6FC}.Release|x86.Build.0 = Release|Win32
		{8BBDB5C3-7F72-4360-AA1A-B17A56D9E2DD}.Debug|x64.ActiveCfg = Debug|x64
		{8BBDB5C3-7F72-4360-AA1A-B17A56D9E2DD}.Debug|x64.Build.0 = Debug|x64
		{8BBDB5C3-7F72-4360-AA1A-B17A56D9E2DD}.Debug|x86.ActiveCfg = Debug|Win32
		{8BBDB5C3-7F72-4360-AA1A-B17A56D9E2DD}.Debug|x86.Build.0 = Debug|Win32
		{8BBDB5C3-7F72-4360-AA1A-B17A56D9E2DD}.Release|x64.ActiveCfg = Release|x64
		{8BBDB5C3-7F72-4360-AA1A-B17A56D9E2DD}.Release|x64.Build.0 = Release|x64
		{8BBDB5C3-7F72-4360-AA1A-B17A56D9E2DD}.Release|x86.ActiveCfg = Release|Win32
		{8BBDB5C3-7F72-4360-AA1A-B17A56D9E2DD}.Release|x86.Build.0 = Release|Win32
		{A2599DF8-1ED9-4F10-8EDF-420ABC8023A4}.Debug|x64.ActiveCfg = Debug|x64
		{A2599DF8-1ED9-4F10-8EDF-420ABC8023A4}.Debug|x64.Build.0 = Debug|x64
		{A2599DF8-1ED9-4F10-8EDF-420ABC8023A4}.Debug|x86.ActiveCfg = Debug|Win32
		{A2599DF8-1ED9-4F10-8EDF-420ABC8023A4}.Debug|x86.Build.0 = Debug|Win32
		{A2599DF8-1ED9-4F10-8EDF-420ABC8023A4}.Release|x64.ActiveCfg = Release|x64
		{A2599DF8-1ED9-4F10-8EDF-420ABC8023A4}.Release|x64.Build.0 = Release|x64
		{A2599DF8-1ED9-4F10-8EDF-420ABC8023A4}.Release|x86.ActiveCfg = Release|Win32
		{A2599DF8-1ED9-4F10-8EDF-420ABC8023A4}.Release|x86.Build.0 = Release|Win32
		{86E4C5D7-2166-41AF-8033-F4090C566A1B}.Debug|x64.ActiveCfg = Debug|x64
		{86E4C5D7-2166-41AF-8033-F4090C566A1B}.Debug|x64.Build.0 = Debug|x64
		{86E4C5D7-2166-41AF-8033-F4090C566A1B}.Debug|x86.ActiveCfg = Debug|Win32
		{86E4C5D7-2166-41AF-8033-F4090C566A1B}.Debug|x86.Build.0 = Debug|Win32
		{86E4C5D7-2166-41AF-8033-F4090C566A1B}.Release|x64.ActiveCfg = Release|x64
		{86E4C5D7-2166-41AF-8033-F4090C566A1B}.Release|x64.Build.0 = Release|x64
		{86E4C5D7-2166-41AF-8033-F4090C566A1B}.Release|x86.ActiveCfg = Release|Win32
		{86E4C5D7-2166-41AF-8033-F4090C566A1B}.Release|x86.Build.0 = Release|Win32
		{183607EA-321C-4BED-A1A1-71179AA63941}.Debug|x64.ActiveCfg = Debug|x64
		{183607EA-321C-4BED-A1A1-71179AA63941}.Debug|x64.Build.0 = Debug|x64
		{183607EA-321C-4BED-A1A1-71179AA63941}.Debug|x86.ActiveCfg = Debug|Win32
		{183607EA-321C-4BED-A1A1-71179AA63941}.Debug|x86.Build.0 = Debug|Win32
		{183607EA-321C-4BED-A1A1-71179AA63941}.Release|x64.ActiveCfg = Release|x64
		{183607EA-321C-4BED-A1A1-71179AA63941}.Release|x64.Build.0 = Release|x64
		{183607EA-321C-4BED-A1A1-71179AA63941}.Release|x86.ActiveCfg = Release|Win32
		{183607EA-321C-4BED-A1A1-71179AA63941}.Release|x86.Build.0 = Release|Win32
		{71D3770B-6F17-4B11-A222-9F750C4DC1E1}.Debug|x64.ActiveCfg = Debug|x64
		{71D3770B-6F17-4B11-A222-9F750C4DC1E1}.Debug|x64.Build.0 = Debug|x64
		{71D3770B-6F17-4B11-A222-9F750C4DC1E1}.Debug|x86.ActiveCfg = Debug|Win32
		{71D3770B-6F17-4B11-A222-9F750C4DC1E1}.Debug|x86.Build.0 = Debug|Win32
		{71D3770B-6F17-4B11-A222-9F750C4DC1E1}.Release|x64.ActiveCfg = Release|x64
		{71D3770B-6F17-4B11-A222-9F750C4DC1E1}.Release|x64.Build.0 = Release|x64
		{71D3770B-6F17-4B11-A222-9F750C4DC1E1}.Release|x86.ActiveCfg = Release|Win32
		{71D3770B-6F17-4B11-A222-9F750C4DC1E1}.Release|x86.Build.0 = Release|Win32
		{CB87D772-AC7C-476C-BA87-4610F59579A1}.Debug|x64.ActiveCfg = Debug|x64
		{CB87D772-AC7C-476C-BA87-4610F59579A1}.Debug|x64.Build.0 = Debug|x64
		{CB87D772-AC7C-476C-BA87-4610F59579A1}.Debug|x86.ActiveCfg = Debug|Win32
		{CB87D772-AC7C-476C-BA87-4610F59579A1}.Debug|x86.Build.0 = Debug|Win32
		{CB87D772-AC7C-476C-BA87-4610F59579A1}.Release|x64.ActiveCfg = Release|x64
		{CB87D772-AC7C-476C-BA87-4610F59579A1}.Release|x64.Build.0 = Release|x64
		{CB87D772-AC7C-476C-BA87-4610F59579A1}.Release|x86.ActiveCfg = Release|Win32
		{CB87D772-AC7C-476C-BA87-4610F59579A1}.Release|x86.Build.0 = Release|Win32
		{635D0B4F-AFCF-4C39-8C8A-76F0BB9AECFC}.Debug|x64.ActiveCfg = Debug|x64
		{635D0B4F-AFCF-4C39-8C8A-76F0BB9AECFC}.Debug|x64.Build.0 = Debug|x64
		{635D0B4F-AFCF-4C39-8C8A-76F0BB9AECFC}.Debug|x86.ActiveCfg = Debug|Win32
		{635D0B4F-AFCF-4C39-8C8A-76F0BB9AECFC}.Debug|x86.Build.0 = Debug|Win32
		{635D0B4F-AFCF-4C39-8C8A-76F0BB9AECFC}.Release|x64.ActiveCfg = Release|x64
		{635D0B4F-AFCF-4C39-8C8A-76F0BB9AECFC}.Release|x64.Build.0 = Release|x64
		{635D0B4F-AFCF-4C39-8C8A-76F0BB9AECFC}.Release|x86.ActiveCfg = Release|Win32
		{635D0B4F-AFCF-4C39-8C8A-76F0BB9AECFC}.Release|x86.Build.0 = Release|Win32
		{309959C2-C38A-4CF2-966A-7D86BB0DABA3}.Debug|x64.ActiveCfg = Debug|x64
		{309959C2-C38A-4CF2-966A-7D86BB0DABA3}.Debug|x64.Build.0 = Debug|x64
		{309959C2-C38A-4CF2-966A-7D86BB0DABA3}.Debug|x86.ActiveCfg = Debug|Win32
		{309959C2-C38A-4CF2-966A-7D86BB0DABA3}.Debug|x86.Build.0 = Debug|Win32
		{309959C2-C38A-4CF2-966A-7D86BB0DABA3}.Release|x64.ActiveCfg = Release|x64
		{309959C2-C38A-4CF2-966A-7D86BB0DABA3}.Release|x64.Build.0 = Release|x64
		{309959C2-C38A-4CF2-966A-7D86BB0DABA3}.Release|x86.ActiveCfg = Release|Win32
		{309959C2-C38A-4CF2-966A-7D86BB0DABA3}.Release|x86.Build.0 = Release|Win32
		{75B59570-7F88-475A-BEF5-C22B0F389C8A}.Debug|x64.ActiveCfg = Debug|x64
		{75B59570-7F88-475A-BEF5-C22B0F389C8A}.Debug|x64.Build.0 = Debug|x64
		{75B59570-7F88-475A-BEF5-C22B0F389C8A}.Debug|x86.ActiveCfg = Debug|Win32
		{75B59570-7F88-475A-BEF5-C22B0F389C8A}.Debug|x86.Build.0 = Debug|Win32
		{75B59570-7F88-475A-BEF5-C22B0F389C8A}.Release|x64.ActiveCfg = Release|x64
		{75B59570-7F88-475A-BEF5-C22B0F389C8A}.Release|x64.Build.0 = Release|x64
		{75B59570-7F88-475A-BEF5-C22B0F389C8A}.Release|x86.ActiveCfg = Release|Win32
		{75B59570-7F88-475A-BEF5-C22B0F389C8A}.Release|x86.Build.0 = Release|Win32
	EndGlobalSection
	GlobalSection(SolutionProperties) = preSolution
		HideSolutionNode = FALSE
	EndGlobalSection
	GlobalSection(ExtensibilityGlobals) = postSolution
		SolutionGuid = {B3F871BD-B9BB-4BA3-A791-DEC000E02848}
	EndGlobalSection
EndGlobal
