
Microsoft Visual Studio Solution File, Format Version 12.00
# Visual Studio Version 16
VisualStudioVersion = 16.0.31624.102
MinimumVisualStudioVersion = 10.0.40219.1
Project("{8BC9CEB8-8B4A-11D0-8D11-00A0C91BC942}") = "7.1", "10\10.vcxproj", "{2C7158F7-A714-4165-8C86-FD1BC0751792}"
EndProject
Project("{8BC9CEB8-8B4A-11D0-8D11-00A0C91BC942}") = "7.2", "10.2\10.2.vcxproj", "{6042B88B-012F-412F-BCBE-41D355D8D3E1}"
EndProject
Project("{8BC9CEB8-8B4A-11D0-8D11-00A0C91BC942}") = "4.1", "4.1\4.1.vcxproj", "{67896A3B-444D-4A20-B892-F9DF37CB8AC5}"
EndProject
Project("{8BC9CEB8-8B4A-11D0-8D11-00A0C91BC942}") = "4.2", "4.2\4.2.vcxproj", "{F946009B-4338-4E44-B3C9-C3824563D52D}"
EndProject
Project("{8BC9CEB8-8B4A-11D0-8D11-00A0C91BC942}") = "9.1", "9.1\9.1.vcxproj", "{4377B931-B271-49B3-9EFC-166615590F2B}"
EndProject
Project("{8BC9CEB8-8B4A-11D0-8D11-00A0C91BC942}") = "9.2", "9.2\9.2.vcxproj", "{B58E1B19-1FDB-4454-9B85-0EDAEB3FAF22}"
EndProject
Project("{8BC9CEB8-8B4A-11D0-8D11-00A0C91BC942}") = "10.1", "10.1\10.1.vcxproj", "{2DF776ED-23B7-4695-B232-79DFB0CBC533}"
EndProject
Project("{8BC9CEB8-8B4A-11D0-8D11-00A0C91BC942}") = "10.3", "10.3\10.3.vcxproj", "{5580D181-5356-4F7B-AD22-4D805CDBD4C9}"
EndProject
Project("{8BC9CEB8-8B4A-11D0-8D11-00A0C91BC942}") = "8.1", "8.1\8.1.vcxproj", "{A12169C5-D821-4F1E-BFFE-D77A55A98212}"
EndProject
Project("{8BC9CEB8-8B4A-11D0-8D11-00A0C91BC942}") = "8.2", "8.2\8.2.vcxproj", "{6EBB2875-D825-4C3F-828F-76A808AB4C71}"
EndProject
Global
	GlobalSection(SolutionConfigurationPlatforms) = preSolution
		Debug|x64 = Debug|x64
		Debug|x86 = Debug|x86
		Release|x64 = Release|x64
		Release|x86 = Release|x86
	EndGlobalSection
	GlobalSection(ProjectConfigurationPlatforms) = postSolution
		{2C7158F7-A714-4165-8C86-FD1BC0751792}.Debug|x64.ActiveCfg = Debug|x64
		{2C7158F7-A714-4165-8C86-FD1BC0751792}.Debug|x64.Build.0 = Debug|x64
		{2C7158F7-A714-4165-8C86-FD1BC0751792}.Debug|x86.ActiveCfg = Debug|Win32
		{2C7158F7-A714-4165-8C86-FD1BC0751792}.Debug|x86.Build.0 = Debug|Win32
		{2C7158F7-A714-4165-8C86-FD1BC0751792}.Release|x64.ActiveCfg = Release|x64
		{2C7158F7-A714-4165-8C86-FD1BC0751792}.Release|x64.Build.0 = Release|x64
		{2C7158F7-A714-4165-8C86-FD1BC0751792}.Release|x86.ActiveCfg = Release|Win32
		{2C7158F7-A714-4165-8C86-FD1BC0751792}.Release|x86.Build.0 = Release|Win32
		{6042B88B-012F-412F-BCBE-41D355D8D3E1}.Debug|x64.ActiveCfg = Debug|x64
		{6042B88B-012F-412F-BCBE-41D355D8D3E1}.Debug|x64.Build.0 = Debug|x64
		{6042B88B-012F-412F-BCBE-41D355D8D3E1}.Debug|x86.ActiveCfg = Debug|Win32
		{6042B88B-012F-412F-BCBE-41D355D8D3E1}.Debug|x86.Build.0 = Debug|Win32
		{6042B88B-012F-412F-BCBE-41D355D8D3E1}.Release|x64.ActiveCfg = Release|x64
		{6042B88B-012F-412F-BCBE-41D355D8D3E1}.Release|x64.Build.0 = Release|x64
		{6042B88B-012F-412F-BCBE-41D355D8D3E1}.Release|x86.ActiveCfg = Release|Win32
		{6042B88B-012F-412F-BCBE-41D355D8D3E1}.Release|x86.Build.0 = Release|Win32
		{67896A3B-444D-4A20-B892-F9DF37CB8AC5}.Debug|x64.ActiveCfg = Debug|x64
		{67896A3B-444D-4A20-B892-F9DF37CB8AC5}.Debug|x64.Build.0 = Debug|x64
		{67896A3B-444D-4A20-B892-F9DF37CB8AC5}.Debug|x86.ActiveCfg = Debug|Win32
		{67896A3B-444D-4A20-B892-F9DF37CB8AC5}.Debug|x86.Build.0 = Debug|Win32
		{67896A3B-444D-4A20-B892-F9DF37CB8AC5}.Release|x64.ActiveCfg = Release|x64
		{67896A3B-444D-4A20-B892-F9DF37CB8AC5}.Release|x64.Build.0 = Release|x64
		{67896A3B-444D-4A20-B892-F9DF37CB8AC5}.Release|x86.ActiveCfg = Release|Win32
		{67896A3B-444D-4A20-B892-F9DF37CB8AC5}.Release|x86.Build.0 = Release|Win32
		{F946009B-4338-4E44-B3C9-C3824563D52D}.Debug|x64.ActiveCfg = Debug|x64
		{F946009B-4338-4E44-B3C9-C3824563D52D}.Debug|x64.Build.0 = Debug|x64
		{F946009B-4338-4E44-B3C9-C3824563D52D}.Debug|x86.ActiveCfg = Debug|Win32
		{F946009B-4338-4E44-B3C9-C3824563D52D}.Debug|x86.Build.0 = Debug|Win32
		{F946009B-4338-4E44-B3C9-C3824563D52D}.Release|x64.ActiveCfg = Release|x64
		{F946009B-4338-4E44-B3C9-C3824563D52D}.Release|x64.Build.0 = Release|x64
		{F946009B-4338-4E44-B3C9-C3824563D52D}.Release|x86.ActiveCfg = Release|Win32
		{F946009B-4338-4E44-B3C9-C3824563D52D}.Release|x86.Build.0 = Release|Win32
		{4377B931-B271-49B3-9EFC-166615590F2B}.Debug|x64.ActiveCfg = Debug|x64
		{4377B931-B271-49B3-9EFC-166615590F2B}.Debug|x64.Build.0 = Debug|x64
		{4377B931-B271-49B3-9EFC-166615590F2B}.Debug|x86.ActiveCfg = Debug|Win32
		{4377B931-B271-49B3-9EFC-166615590F2B}.Debug|x86.Build.0 = Debug|Win32
		{4377B931-B271-49B3-9EFC-166615590F2B}.Release|x64.ActiveCfg = Release|x64
		{4377B931-B271-49B3-9EFC-166615590F2B}.Release|x64.Build.0 = Release|x64
		{4377B931-B271-49B3-9EFC-166615590F2B}.Release|x86.ActiveCfg = Release|Win32
		{4377B931-B271-49B3-9EFC-166615590F2B}.Release|x86.Build.0 = Release|Win32
		{B58E1B19-1FDB-4454-9B85-0EDAEB3FAF22}.Debug|x64.ActiveCfg = Debug|x64
		{B58E1B19-1FDB-4454-9B85-0EDAEB3FAF22}.Debug|x64.Build.0 = Debug|x64
		{B58E1B19-1FDB-4454-9B85-0EDAEB3FAF22}.Debug|x86.ActiveCfg = Debug|Win32
		{B58E1B19-1FDB-4454-9B85-0EDAEB3FAF22}.Debug|x86.Build.0 = Debug|Win32
		{B58E1B19-1FDB-4454-9B85-0EDAEB3FAF22}.Release|x64.ActiveCfg = Release|x64
		{B58E1B19-1FDB-4454-9B85-0EDAEB3FAF22}.Release|x64.Build.0 = Release|x64
		{B58E1B19-1FDB-4454-9B85-0EDAEB3FAF22}.Release|x86.ActiveCfg = Release|Win32
		{B58E1B19-1FDB-4454-9B85-0EDAEB3FAF22}.Release|x86.Build.0 = Release|Win32
		{2DF776ED-23B7-4695-B232-79DFB0CBC533}.Debug|x64.ActiveCfg = Debug|x64
		{2DF776ED-23B7-4695-B232-79DFB0CBC533}.Debug|x64.Build.0 = Debug|x64
		{2DF776ED-23B7-4695-B232-79DFB0CBC533}.Debug|x86.ActiveCfg = Debug|Win32
		{2DF776ED-23B7-4695-B232-79DFB0CBC533}.Debug|x86.Build.0 = Debug|Win32
		{2DF776ED-23B7-4695-B232-79DFB0CBC533}.Release|x64.ActiveCfg = Release|x64
		{2DF776ED-23B7-4695-B232-79DFB0CBC533}.Release|x64.Build.0 = Release|x64
		{2DF776ED-23B7-4695-B232-79DFB0CBC533}.Release|x86.ActiveCfg = Release|Win32
		{2DF776ED-23B7-4695-B232-79DFB0CBC533}.Release|x86.Build.0 = Release|Win32
		{5580D181-5356-4F7B-AD22-4D805CDBD4C9}.Debug|x64.ActiveCfg = Debug|x64
		{5580D181-5356-4F7B-AD22-4D805CDBD4C9}.Debug|x64.Build.0 = Debug|x64
		{5580D181-5356-4F7B-AD22-4D805CDBD4C9}.Debug|x86.ActiveCfg = Debug|Win32
		{5580D181-5356-4F7B-AD22-4D805CDBD4C9}.Debug|x86.Build.0 = Debug|Win32
		{5580D181-5356-4F7B-AD22-4D805CDBD4C9}.Release|x64.ActiveCfg = Release|x64
		{5580D181-5356-4F7B-AD22-4D805CDBD4C9}.Release|x64.Build.0 = Release|x64
		{5580D181-5356-4F7B-AD22-4D805CDBD4C9}.Release|x86.ActiveCfg = Release|Win32
		{5580D181-5356-4F7B-AD22-4D805CDBD4C9}.Release|x86.Build.0 = Release|Win32
		{A12169C5-D821-4F1E-BFFE-D77A55A98212}.Debug|x64.ActiveCfg = Debug|x64
		{A12169C5-D821-4F1E-BFFE-D77A55A98212}.Debug|x64.Build.0 = Debug|x64
		{A12169C5-D821-4F1E-BFFE-D77A55A98212}.Debug|x86.ActiveCfg = Debug|Win32
		{A12169C5-D821-4F1E-BFFE-D77A55A98212}.Debug|x86.Build.0 = Debug|Win32
		{A12169C5-D821-4F1E-BFFE-D77A55A98212}.Release|x64.ActiveCfg = Release|x64
		{A12169C5-D821-4F1E-BFFE-D77A55A98212}.Release|x64.Build.0 = Release|x64
		{A12169C5-D821-4F1E-BFFE-D77A55A98212}.Release|x86.ActiveCfg = Release|Win32
		{A12169C5-D821-4F1E-BFFE-D77A55A98212}.Release|x86.Build.0 = Release|Win32
		{6EBB2875-D825-4C3F-828F-76A808AB4C71}.Debug|x64.ActiveCfg = Debug|x64
		{6EBB2875-D825-4C3F-828F-76A808AB4C71}.Debug|x64.Build.0 = Debug|x64
		{6EBB2875-D825-4C3F-828F-76A808AB4C71}.Debug|x86.ActiveCfg = Debug|Win32
		{6EBB2875-D825-4C3F-828F-76A808AB4C71}.Debug|x86.Build.0 = Debug|Win32
		{6EBB2875-D825-4C3F-828F-76A808AB4C71}.Release|x64.ActiveCfg = Release|x64
		{6EBB2875-D825-4C3F-828F-76A808AB4C71}.Release|x64.Build.0 = Release|x64
		{6EBB2875-D825-4C3F-828F-76A808AB4C71}.Release|x86.ActiveCfg = Release|Win32
		{6EBB2875-D825-4C3F-828F-76A808AB4C71}.Release|x86.Build.0 = Release|Win32
	EndGlobalSection
	GlobalSection(SolutionProperties) = preSolution
		HideSolutionNode = FALSE
	EndGlobalSection
	GlobalSection(ExtensibilityGlobals) = postSolution
		SolutionGuid = {099F7584-D2F9-4DBB-999B-2DA23437D9BC}
	EndGlobalSection
EndGlobal
